
Microsoft Visual Studio Solution File, Format Version 12.00
# Visual Studio Version 17
VisualStudioVersion = 17.9.34728.123
MinimumVisualStudioVersion = 10.0.40219.1
Project("{9A19103F-16F7-4668-BE54-9A1E7A4F7556}") = "ValoStats", "ValoStats.csproj", "{4E81B956-E4F3-4EC2-B322-B2A7778955D8}"
EndProject
Global
	GlobalSection(SolutionConfigurationPlatforms) = preSolution
		Debug|Any CPU = Debug|Any CPU
		Release|Any CPU = Release|Any CPU
	EndGlobalSection
	GlobalSection(ProjectConfigurationPlatforms) = postSolution
		{4E81B956-E4F3-4EC2-B322-B2A7778955D8}.Debug|Any CPU.ActiveCfg = Debug|Any CPU
		{4E81B956-E4F3-4EC2-B322-B2A7778955D8}.Debug|Any CPU.Build.0 = Debug|Any CPU
		{4E81B956-E4F3-4EC2-B322-B2A7778955D8}.Release|Any CPU.ActiveCfg = Release|Any CPU
		{4E81B956-E4F3-4EC2-B322-B2A7778955D8}.Release|Any CPU.Build.0 = Release|Any CPU
	EndGlobalSection
	GlobalSection(SolutionProperties) = preSolution
		HideSolutionNode = FALSE
	EndGlobalSection
	GlobalSection(ExtensibilityGlobals) = postSolution
		SolutionGuid = {8A5B8789-7D8F-457B-AB90-68CF85C9A19A}
	EndGlobalSection
EndGlobal
